{
  "name": "freebind",
  "version": "0.2.0",
  "lockfileVersion": 3,
  "requires": true,
  "packages": {
    "": {
      "name": "freebind",
      "version": "0.2.0",
      "license": "AGPL-3.0",
      "dependencies": {
        "ipaddr.js": "2.1.0",
        "syscall-napi": "0.0.6",
        "undici": "^5.27.0"
      }
    },
    "node_modules/@fastify/busboy": {
      "version": "2.0.0",
      "resolved": "https://registry.npmjs.org/@fastify/busboy/-/busboy-2.0.0.tgz",
      "integrity": "sha512-JUFJad5lv7jxj926GPgymrWQxxjPYuJNiNjNMzqT+HiuP6Vl3dk5xzG+8sTX96np0ZAluvaMzPsjhHZ5rNuNQQ==",
      "license": "MIT",
      "engines": {
        "node": ">=14"
      }
    },
    "node_modules/ipaddr.js": {
      "version": "2.1.0",
      "resolved": "https://registry.npmjs.org/ipaddr.js/-/ipaddr.js-2.1.0.tgz",
      "integrity": "sha512-LlbxQ7xKzfBusov6UMi4MFpEg0m+mAm9xyNGEduwXMEDuf4WfzB/RZwMVYEd7IKGvh4IUkEXYxtAVu9T3OelJQ==",
      "license": "MIT",
      "engines": {
        "node": ">= 10"
      }
    },
    "node_modules/syscall-napi": {
      "version": "0.0.6",
      "resolved": "https://registry.npmjs.org/syscall-napi/-/syscall-napi-0.0.6.tgz",
      "integrity": "sha512-qHbwjyFXAAekKUXxl70lhDiBYJ3e7XM7kQwu7LV3F0pHMenKox+VcZPZkRkhdmL/wNJD3NmrMGnL7161kdecUQ==",
      "license": "LGPL 2.1"
    },
    "node_modules/undici": {
      "version": "5.27.0",
      "resolved": "https://registry.npmjs.org/undici/-/undici-5.27.0.tgz",
      "integrity": "sha512-l3ydWhlhOJzMVOYkymLykcRRXqbUaQriERtR70B9LzNkZ4bX52Fc8wbTDneMiwo8T+AemZXvXaTx+9o5ROxrXg==",
      "license": "MIT",
      "dependencies": {
        "@fastify/busboy": "^2.0.0"
      },
      "engines": {
        "node": ">=14.0"
      }
    }
  }
}
