# THIS IS AN AUTOGENERATED FILE. DO NOT EDIT THIS FILE DIRECTLY.
# yarn lockfile v1


"@fastify/busboy@^2.0.0":
  version "2.0.0"
  resolved "https://registry.yarnpkg.com/@fastify/busboy/-/busboy-2.0.0.tgz#f22824caff3ae506b18207bad4126dbc6ccdb6b8"
  integrity sha512-JUFJad5lv7jxj926GPgymrWQxxjPYuJNiNjNMzqT+HiuP6Vl3dk5xzG+8sTX96np0ZAluvaMzPsjhHZ5rNuNQQ==

ipaddr.js@2.1.0:
  version "2.1.0"
  resolved "https://registry.yarnpkg.com/ipaddr.js/-/ipaddr.js-2.1.0.tgz#2119bc447ff8c257753b196fc5f1ce08a4cdf39f"
  integrity sha512-LlbxQ7xKzfBusov6UMi4MFpEg0m+mAm9xyNGEduwXMEDuf4WfzB/RZwMVYEd7IKGvh4IUkEXYxtAVu9T3OelJQ==

syscall-napi@0.0.6:
  version "0.0.6"
  resolved "https://registry.yarnpkg.com/syscall-napi/-/syscall-napi-0.0.6.tgz#e2bf18e4490f9ceef4a54cceafd023695118d1fa"
  integrity sha512-qHbwjyFXAAekKUXxl70lhDiBYJ3e7XM7kQwu7LV3F0pHMenKox+VcZPZkRkhdmL/wNJD3NmrMGnL7161kdecUQ==

undici@^5.27.0:
  version "5.27.0"
  resolved "https://registry.yarnpkg.com/undici/-/undici-5.27.0.tgz#789f2e40ce982b5507899abc2c2ddeb2712b4554"
  integrity sha512-l3ydWhlhOJzMVOYkymLykcRRXqbUaQriERtR70B9LzNkZ4bX52Fc8wbTDneMiwo8T+AemZXvXaTx+9o5ROxrXg==
  dependencies:
    "@fastify/busboy" "^2.0.0"
